// !$*UTF8*$!
{
	archiveVersion = 1;
	classes = {
	};
	objectVersion = 56;
	objects = {

/* Begin PBXBuildFile section */
		2616A96029C8D24A008550F7 /* Note.swift in Sources */ = {isa = PBXBuildFile; fileRef = 2616A95F29C8D24A008550F7 /* Note.swift */; };
		2616A96529C8D7FE008550F7 /* Constants.swift in Sources */ = {isa = PBXBuildFile; fileRef = 2616A96429C8D7FE008550F7 /* Constants.swift */; };
		26394B0829CA1BB1005EEA19 /* Localizable.strings in Resources */ = {isa = PBXBuildFile; fileRef = 26394B0A29CA1BB1005EEA19 /* Localizable.strings */; };
		2690EF3929C8CCEE00B2F350 /* AppDelegate.swift in Sources */ = {isa = PBXBuildFile; fileRef = 2690EF3829C8CCEE00B2F350 /* AppDelegate.swift */; };
		2690EF3B29C8CCEE00B2F350 /* SceneDelegate.swift in Sources */ = {isa = PBXBuildFile; fileRef = 2690EF3A29C8CCEE00B2F350 /* SceneDelegate.swift */; };
		2690EF3D29C8CCEE00B2F350 /* NotesViewController.swift in Sources */ = {isa = PBXBuildFile; fileRef = 2690EF3C29C8CCEE00B2F350 /* NotesViewController.swift */; };
		2690EF4029C8CCEE00B2F350 /* Main.storyboard in Resources */ = {isa = PBXBuildFile; fileRef = 2690EF3E29C8CCEE00B2F350 /* Main.storyboard */; };
		2690EF4229C8CCEF00B2F350 /* Assets.xcassets in Resources */ = {isa = PBXBuildFile; fileRef = 2690EF4129C8CCEF00B2F350 /* Assets.xcassets */; };
		2690EF4529C8CCEF00B2F350 /* LaunchScreen.storyboard in Resources */ = {isa = PBXBuildFile; fileRef = 2690EF4329C8CCEF00B2F350 /* LaunchScreen.storyboard */; };
/* End PBXBuildFile section */

/* Begin PBXFileReference section */
		2616A95F29C8D24A008550F7 /* Note.swift */ = {isa = PBXFileReference; lastKnownFileType = sourcecode.swift; path = Note.swift; sourceTree = "<group>"; };
		2616A96429C8D7FE008550F7 /* Constants.swift */ = {isa = PBXFileReference; lastKnownFileType = sourcecode.swift; path = Constants.swift; sourceTree = "<group>"; };
		26394B0929CA1BB1005EEA19 /* en */ = {isa = PBXFileReference; lastKnownFileType = text.plist.strings; name = en; path = en.lproj/Localizable.strings; sourceTree = "<group>"; };
		26394B0B29CA1C06005EEA19 /* ru */ = {isa = PBXFileReference; lastKnownFileType = text.plist.strings; name = ru; path = ru.lproj/Main.strings; sourceTree = "<group>"; };
		26394B0C29CA1C0F005EEA19 /* ru */ = {isa = PBXFileReference; lastKnownFileType = text.plist.strings; name = ru; path = ru.lproj/Localizable.strings; sourceTree = "<group>"; };
		2690EF3529C8CCEE00B2F350 /* QuickNotes.app */ = {isa = PBXFileReference; explicitFileType = wrapper.application; includeInIndex = 0; path = QuickNotes.app; sourceTree = BUILT_PRODUCTS_DIR; };
		2690EF3829C8CCEE00B2F350 /* AppDelegate.swift */ = {isa = PBXFileReference; lastKnownFileType = sourcecode.swift; path = AppDelegate.swift; sourceTree = "<group>"; };
		2690EF3A29C8CCEE00B2F350 /* SceneDelegate.swift */ = {isa = PBXFileReference; lastKnownFileType = sourcecode.swift; path = SceneDelegate.swift; sourceTree = "<group>"; };
		2690EF3C29C8CCEE00B2F350 /* NotesViewController.swift */ = {isa = PBXFileReference; lastKnownFileType = sourcecode.swift; path = NotesViewController.swift; sourceTree = "<group>"; };
		2690EF3F29C8CCEE00B2F350 /* Base */ = {isa = PBXFileReference; lastKnownFileType = file.storyboard; name = Base; path = Base.lproj/Main.storyboard; sourceTree = "<group>"; };
		2690EF4129C8CCEF00B2F350 /* Assets.xcassets */ = {isa = PBXFileReference; lastKnownFileType = folder.assetcatalog; path = Assets.xcassets; sourceTree = "<group>"; };
		2690EF4429C8CCEF00B2F350 /* Base */ = {isa = PBXFileReference; lastKnownFileType = file.storyboard; name = Base; path = Base.lproj/LaunchScreen.storyboard; sourceTree = "<group>"; };
		2690EF4629C8CCEF00B2F350 /* Info.plist */ = {isa = PBXFileReference; lastKnownFileType = text.plist.xml; path = Info.plist; sourceTree = "<group>"; };
/* End PBXFileReference section */

/* Begin PBXFrameworksBuildPhase section */
		2690EF3229C8CCEE00B2F350 /* Frameworks */ = {
			isa = PBXFrameworksBuildPhase;
			buildActionMask = 2147483647;
			files = (
			);
			runOnlyForDeploymentPostprocessing = 0;
		};
/* End PBXFrameworksBuildPhase section */

/* Begin PBXGroup section */
		2616A96129C8D250008550F7 /* Data Model */ = {
			isa = PBXGroup;
			children = (
				2616A95F29C8D24A008550F7 /* Note.swift */,
			);
			path = "Data Model";
			sourceTree = "<group>";
		};
		2616A96229C8D28C008550F7 /* View */ = {
			isa = PBXGroup;
			children = (
				2690EF3E29C8CCEE00B2F350 /* Main.storyboard */,
			);
			path = View;
			sourceTree = "<group>";
		};
		2616A96329C8D2B9008550F7 /* Controller */ = {
			isa = PBXGroup;
			children = (
				2690EF3C29C8CCEE00B2F350 /* NotesViewController.swift */,
			);
			path = Controller;
			sourceTree = "<group>";
		};
		2690EF2C29C8CCEE00B2F350 = {
			isa = PBXGroup;
			children = (
				2690EF3729C8CCEE00B2F350 /* QuickNotes */,
				2690EF3629C8CCEE00B2F350 /* Products */,
			);
			sourceTree = "<group>";
		};
		2690EF3629C8CCEE00B2F350 /* Products */ = {
			isa = PBXGroup;
			children = (
				2690EF3529C8CCEE00B2F350 /* QuickNotes.app */,
			);
			name = Products;
			sourceTree = "<group>";
		};
		2690EF3729C8CCEE00B2F350 /* QuickNotes */ = {
			isa = PBXGroup;
			children = (
				2690EF3829C8CCEE00B2F350 /* AppDelegate.swift */,
				2690EF3A29C8CCEE00B2F350 /* SceneDelegate.swift */,
				2616A96129C8D250008550F7 /* Data Model */,
				2616A96229C8D28C008550F7 /* View */,
				2616A96329C8D2B9008550F7 /* Controller */,
				2690EF4129C8CCEF00B2F350 /* Assets.xcassets */,
				2690EF4329C8CCEF00B2F350 /* LaunchScreen.storyboard */,
				2690EF4629C8CCEF00B2F350 /* Info.plist */,
				2616A96429C8D7FE008550F7 /* Constants.swift */,
				26394B0A29CA1BB1005EEA19 /* Localizable.strings */,
			);
			path = QuickNotes;
			sourceTree = "<group>";
		};
/* End PBXGroup section */

/* Begin PBXNativeTarget section */
		2690EF3429C8CCEE00B2F350 /* QuickNotes */ = {
			isa = PBXNativeTarget;
			buildConfigurationList = 2690EF4929C8CCEF00B2F350 /* Build configuration list for PBXNativeTarget "QuickNotes" */;
			buildPhases = (
				2690EF3129C8CCEE00B2F350 /* Sources */,
				2690EF3229C8CCEE00B2F350 /* Frameworks */,
				2690EF3329C8CCEE00B2F350 /* Resources */,
			);
			buildRules = (
			);
			dependencies = (
			);
			name = QuickNotes;
			productName = QuickNotes;
			productReference = 2690EF3529C8CCEE00B2F350 /* QuickNotes.app */;
			productType = "com.apple.product-type.application";
		};
/* End PBXNativeTarget section */

/* Begin PBXProject section */
		2690EF2D29C8CCEE00B2F350 /* Project object */ = {
			isa = PBXProject;
			attributes = {
				BuildIndependentTargetsInParallel = 1;
				LastSwiftUpdateCheck = 1420;
				LastUpgradeCheck = 1420;
				TargetAttributes = {
					2690EF3429C8CCEE00B2F350 = {
						CreatedOnToolsVersion = 14.2;
					};
				};
			};
			buildConfigurationList = 2690EF3029C8CCEE00B2F350 /* Build configuration list for PBXProject "QuickNotes" */;
			compatibilityVersion = "Xcode 14.0";
			developmentRegion = en;
			hasScannedForEncodings = 0;
			knownRegions = (
				en,
				Base,
				ru,
			);
			mainGroup = 2690EF2C29C8CCEE00B2F350;
			productRefGroup = 2690EF3629C8CCEE00B2F350 /* Products */;
			projectDirPath = "";
			projectRoot = "";
			targets = (
				2690EF3429C8CCEE00B2F350 /* QuickNotes */,
			);
		};
/* End PBXProject section */

/* Begin PBXResourcesBuildPhase section */
		2690EF3329C8CCEE00B2F350 /* Resources */ = {
			isa = PBXResourcesBuildPhase;
			buildActionMask = 2147483647;
			files = (
				2690EF4529C8CCEF00B2F350 /* LaunchScreen.storyboard in Resources */,
				26394B0829CA1BB1005EEA19 /* Localizable.strings in Resources */,
				2690EF4229C8CCEF00B2F350 /* Assets.xcassets in Resources */,
				2690EF4029C8CCEE00B2F350 /* Main.storyboard in Resources */,
			);
			runOnlyForDeploymentPostprocessing = 0;
		};
/* End PBXResourcesBuildPhase section */

/* Begin PBXSourcesBuildPhase section */
		2690EF3129C8CCEE00B2F350 /* Sources */ = {
			isa = PBXSourcesBuildPhase;
			buildActionMask = 2147483647;
			files = (
				2616A96529C8D7FE008550F7 /* Constants.swift in Sources */,
				2690EF3D29C8CCEE00B2F350 /* NotesViewController.swift in Sources */,
				2690EF3929C8CCEE00B2F350 /* AppDelegate.swift in Sources */,
				2690EF3B29C8CCEE00B2F350 /* SceneDelegate.swift in Sources */,
				2616A96029C8D24A008550F7 /* Note.swift in Sources */,
			);
			runOnlyForDeploymentPostprocessing = 0;
		};
/* End PBXSourcesBuildPhase section */

/* Begin PBXVariantGroup section */
		26394B0A29CA1BB1005EEA19 /* Localizable.strings */ = {
			isa = PBXVariantGroup;
			children = (
				26394B0929CA1BB1005EEA19 /* en */,
				26394B0C29CA1C0F005EEA19 /* ru */,
			);
			name = Localizable.strings;
			sourceTree = "<group>";
		};
		2690EF3E29C8CCEE00B2F350 /* Main.storyboard */ = {
			isa = PBXVariantGroup;
			children = (
				2690EF3F29C8CCEE00B2F350 /* Base */,
				26394B0B29CA1C06005EEA19 /* ru */,
			);
			name = Main.storyboard;
			sourceTree = "<group>";
		};
		2690EF4329C8CCEF00B2F350 /* LaunchScreen.storyboard */ = {
			isa = PBXVariantGroup;
			children = (
				2690EF4429C8CCEF00B2F350 /* Base */,
			);
			name = LaunchScreen.storyboard;
			sourceTree = "<group>";
		};
/* End PBXVariantGroup section */

/* Begin XCBuildConfiguration section */
		2690EF4729C8CCEF00B2F350 /* Debug */ = {
			isa = XCBuildConfiguration;
			buildSettings = {
				ALWAYS_SEARCH_USER_PATHS = NO;
				CLANG_ANALYZER_LOCALIZABILITY_NONLOCALIZED = YES;
				CLANG_ANALYZER_NONNULL = YES;
				CLANG_ANALYZER_NUMBER_OBJECT_CONVERSION = YES_AGGRESSIVE;
				CLANG_CXX_LANGUAGE_STANDARD = "gnu++20";
				CLANG_ENABLE_MODULES = YES;
				CLANG_ENABLE_OBJC_ARC = YES;
				CLANG_ENABLE_OBJC_WEAK = YES;
				CLANG_WARN_BLOCK_CAPTURE_AUTORELEASING = YES;
				CLANG_WARN_BOOL_CONVERSION = YES;
				CLANG_WARN_COMMA = YES;
				CLANG_WARN_CONSTANT_CONVERSION = YES;
				CLANG_WARN_DEPRECATED_OBJC_IMPLEMENTATIONS = YES;
				CLANG_WARN_DIRECT_OBJC_ISA_USAGE = YES_ERROR;
				CLANG_WARN_DOCUMENTATION_COMMENTS = YES;
				CLANG_WARN_EMPTY_BODY = YES;
				CLANG_WARN_ENUM_CONVERSION = YES;
				CLANG_WARN_INFINITE_RECURSION = YES;
				CLANG_WARN_INT_CONVERSION = YES;
				CLANG_WARN_NON_LITERAL_NULL_CONVERSION = YES;
				CLANG_WARN_OBJC_IMPLICIT_RETAIN_SELF = YES;
				CLANG_WARN_OBJC_LITERAL_CONVERSION = YES;
				CLANG_WARN_OBJC_ROOT_CLASS = YES_ERROR;
				CLANG_WARN_QUOTED_INCLUDE_IN_FRAMEWORK_HEADER = YES;
				CLANG_WARN_RANGE_LOOP_ANALYSIS = YES;
				CLANG_WARN_STRICT_PROTOTYPES = YES;
				CLANG_WARN_SUSPICIOUS_MOVE = YES;
				CLANG_WARN_UNGUARDED_AVAILABILITY = YES_AGGRESSIVE;
				CLANG_WARN_UNREACHABLE_CODE = YES;
				CLANG_WARN__DUPLICATE_METHOD_MATCH = YES;
				COPY_PHASE_STRIP = NO;
				DEBUG_INFORMATION_FORMAT = dwarf;
				ENABLE_STRICT_OBJC_MSGSEND = YES;
				ENABLE_TESTABILITY = YES;
				GCC_C_LANGUAGE_STANDARD = gnu11;
				GCC_DYNAMIC_NO_PIC = NO;
				GCC_NO_COMMON_BLOCKS = YES;
				GCC_OPTIMIZATION_LEVEL = 0;
				GCC_PREPROCESSOR_DEFINITIONS = (
					"DEBUG=1",
					"$(inherited)",
				);
				GCC_WARN_64_TO_32_BIT_CONVERSION = YES;
				GCC_WARN_ABOUT_RETURN_TYPE = YES_ERROR;
				GCC_WARN_UNDECLARED_SELECTOR = YES;
				GCC_WARN_UNINITIALIZED_AUTOS = YES_AGGRESSIVE;
				GCC_WARN_UNUSED_FUNCTION = YES;
				GCC_WARN_UNUSED_VARIABLE = YES;
				IPHONEOS_DEPLOYMENT_TARGET = 16.2;
				MTL_ENABLE_DEBUG_INFO = INCLUDE_SOURCE;
				MTL_FAST_MATH = YES;
				ONLY_ACTIVE_ARCH = YES;
				SDKROOT = iphoneos;
				SWIFT_ACTIVE_COMPILATION_CONDITIONS = DEBUG;
				SWIFT_OPTIMIZATION_LEVEL = "-Onone";
			};
			name = Debug;
		};
		2690EF4829C8CCEF00B2F350 /* Release */ = {
			isa = XCBuildConfiguration;
			buildSettings = {
				ALWAYS_SEARCH_USER_PATHS = NO;
				CLANG_ANALYZER_LOCALIZABILITY_NONLOCALIZED = YES;
				CLANG_ANALYZER_NONNULL = YES;
				CLANG_ANALYZER_NUMBER_OBJECT_CONVERSION = YES_AGGRESSIVE;
				CLANG_CXX_LANGUAGE_STANDARD = "gnu++20";
				CLANG_ENABLE_MODULES = YES;
				CLANG_ENABLE_OBJC_ARC = YES;
				CLANG_ENABLE_OBJC_WEAK = YES;
				CLANG_WARN_BLOCK_CAPTURE_AUTORELEASING = YES;
				CLANG_WARN_BOOL_CONVERSION = YES;
				CLANG_WARN_COMMA = YES;
				CLANG_WARN_CONSTANT_CONVERSION = YES;
				CLANG_WARN_DEPRECATED_OBJC_IMPLEMENTATIONS = YES;
				CLANG_WARN_DIRECT_OBJC_ISA_USAGE = YES_ERROR;
				CLANG_WARN_DOCUMENTATION_COMMENTS = YES;
				CLANG_WARN_EMPTY_BODY = YES;
				CLANG_WARN_ENUM_CONVERSION = YES;
				CLANG_WARN_INFINITE_RECURSION = YES;
				CLANG_WARN_INT_CONVERSION = YES;
				CLANG_WARN_NON_LITERAL_NULL_CONVERSION = YES;
				CLANG_WARN_OBJC_IMPLICIT_RETAIN_SELF = YES;
				CLANG_WARN_OBJC_LITERAL_CONVERSION = YES;
				CLANG_WARN_OBJC_ROOT_CLASS = YES_ERROR;
				CLANG_WARN_QUOTED_INCLUDE_IN_FRAMEWORK_HEADER = YES;
				CLANG_WARN_RANGE_LOOP_ANALYSIS = YES;
				CLANG_WARN_STRICT_PROTOTYPES = YES;
				CLANG_WARN_SUSPICIOUS_MOVE = YES;
				CLANG_WARN_UNGUARDED_AVAILABILITY = YES_AGGRESSIVE;
				CLANG_WARN_UNREACHABLE_CODE = YES;
				CLANG_WARN__DUPLICATE_METHOD_MATCH = YES;
				COPY_PHASE_STRIP = NO;
				DEBUG_INFORMATION_FORMAT = "dwarf-with-dsym";
				ENABLE_NS_ASSERTIONS = NO;
				ENABLE_STRICT_OBJC_MSGSEND = YES;
				GCC_C_LANGUAGE_STANDARD = gnu11;
				GCC_NO_COMMON_BLOCKS = YES;
				GCC_WARN_64_TO_32_BIT_CONVERSION = YES;
				GCC_WARN_ABOUT_RETURN_TYPE = YES_ERROR;
				GCC_WARN_UNDECLARED_SELECTOR = YES;
				GCC_WARN_UNINITIALIZED_AUTOS = YES_AGGRESSIVE;
				GCC_WARN_UNUSED_FUNCTION = YES;
				GCC_WARN_UNUSED_VARIABLE = YES;
				IPHONEOS_DEPLOYMENT_TARGET = 16.2;
				MTL_ENABLE_DEBUG_INFO = NO;
				MTL_FAST_MATH = YES;
				SDKROOT = iphoneos;
				SWIFT_COMPILATION_MODE = wholemodule;
				SWIFT_OPTIMIZATION_LEVEL = "-O";
				VALIDATE_PRODUCT = YES;
			};
			name = Release;
		};
		2690EF4A29C8CCEF00B2F350 /* Debug */ = {
			isa = XCBuildConfiguration;
			buildSettings = {
				ASSETCATALOG_COMPILER_APPICON_NAME = AppIcon;
				ASSETCATALOG_COMPILER_GLOBAL_ACCENT_COLOR_NAME = AccentColor;
				CODE_SIGN_STYLE = Automatic;
				CURRENT_PROJECT_VERSION = 1;
				DEVELOPMENT_TEAM = DXT9N92B29;
				GENERATE_INFOPLIST_FILE = YES;
				INFOPLIST_FILE = QuickNotes/Info.plist;
				INFOPLIST_KEY_UIApplicationSupportsIndirectInputEvents = YES;
				INFOPLIST_KEY_UILaunchStoryboardName = LaunchScreen;
				INFOPLIST_KEY_UIMainStoryboardFile = Main;
				INFOPLIST_KEY_UISupportedInterfaceOrientations = UIInterfaceOrientationPortrait;
				IPHONEOS_DEPLOYMENT_TARGET = 14.2;
				LD_RUNPATH_SEARCH_PATHS = (
					"$(inherited)",
					"@executable_path/Frameworks",
				);
				MARKETING_VERSION = 1.0;
				PRODUCT_BUNDLE_IDENTIFIER = site.alexmarleron.QuickNotes;
				PRODUCT_NAME = "$(TARGET_NAME)";
				SWIFT_EMIT_LOC_STRINGS = YES;
				SWIFT_VERSION = 5.0;
				TARGETED_DEVICE_FAMILY = "1,2";
			};
			name = Debug;
		};
		2690EF4B29C8CCEF00B2F350 /* Release */ = {
			isa = XCBuildConfiguration;
			buildSettings = {
				ASSETCATALOG_COMPILER_APPICON_NAME = AppIcon;
				ASSETCATALOG_COMPILER_GLOBAL_ACCENT_COLOR_NAME = AccentColor;
				CODE_SIGN_STYLE = Automatic;
				CURRENT_PROJECT_VERSION = 1;
				DEVELOPMENT_TEAM = DXT9N92B29;
				GENERATE_INFOPLIST_FILE = YES;
				INFOPLIST_FILE = QuickNotes/Info.plist;
				INFOPLIST_KEY_UIApplicationSupportsIndirectInputEvents = YES;
				INFOPLIST_KEY_UILaunchStoryboardName = LaunchScreen;
				INFOPLIST_KEY_UIMainStoryboardFile = Main;
				INFOPLIST_KEY_UISupportedInterfaceOrientations = UIInterfaceOrientationPortrait;
				IPHONEOS_DEPLOYMENT_TARGET = 14.2;
				LD_RUNPATH_SEARCH_PATHS = (
					"$(inherited)",
					"@executable_path/Frameworks",
				);
				MARKETING_VERSION = 1.0;
				PRODUCT_BUNDLE_IDENTIFIER = site.alexmarleron.QuickNotes;
				PRODUCT_NAME = "$(TARGET_NAME)";
				SWIFT_EMIT_LOC_STRINGS = YES;
				SWIFT_VERSION = 5.0;
				TARGETED_DEVICE_FAMILY = "1,2";
			};
			name = Release;
		};
/* End XCBuildConfiguration section */

/* Begin XCConfigurationList section */
		2690EF3029C8CCEE00B2F350 /* Build configuration list for PBXProject "QuickNotes" */ = {
			isa = XCConfigurationList;
			buildConfigurations = (
				2690EF4729C8CCEF00B2F350 /* Debug */,
				2690EF4829C8CCEF00B2F350 /* Release */,
			);
			defaultConfigurationIsVisible = 0;
			defaultConfigurationName = Release;
		};
		2690EF4929C8CCEF00B2F350 /* Build configuration list for PBXNativeTarget "QuickNotes" */ = {
			isa = XCConfigurationList;
			buildConfigurations = (
				2690EF4A29C8CCEF00B2F350 /* Debug */,
				2690EF4B29C8CCEF00B2F350 /* Release */,
			);
			defaultConfigurationIsVisible = 0;
			defaultConfigurationName = Release;
		};
/* End XCConfigurationList section */
	};
	rootObject = 2690EF2D29C8CCEE00B2F350 /* Project object */;
}
